{
  "originHash" : "732c6e8d5f3d135355f3225e4b7376075d61baac09f481a2c2db963b9c09618d",
  "pins" : [
    {
      "identity" : "flexiblekit",
      "kind" : "remoteSourceControl",
      "location" : "https://github.com/eunchan2815/FlexibleKit",
      "state" : {
        "revision" : "6717a8a6ccbf94ca689fb2fe1e7ff61c38b01438",
        "version" : "1.0.5"
      }
    },
    {
      "identity" : "haruharu-designsystem",
      "kind" : "remoteSourceControl",
      "location" : "https://github.com/HaruHaru-CountDate/HaruHaru-DesignSystem",
      "state" : {
        "revision" : "46f470c34c2065917727fc6faccce8bc171ee588",
        "version" : "1.0.6"
      }
    }
  ],
  "version" : 3
}
