{
  "originHash" : "0bad4dcc8e7d45dd091e8b6c197baa64859c673e034e003c3421c9df92898475",
  "pins" : [
    {
      "identity" : "flexiblekit",
      "kind" : "remoteSourceControl",
      "location" : "https://github.com/eunchan2815/FlexibleKit",
      "state" : {
        "revision" : "6717a8a6ccbf94ca689fb2fe1e7ff61c38b01438",
        "version" : "1.0.5"
      }
    }
  ],
  "version" : 3
}
